// !$*UTF8*$!
{
	archiveVersion = 1;
	classes = {
	};
	objectVersion = 56;
	objects = {

/* Begin PBXBuildFile section */
		73DD4D292B31D3AC00569908 /* QuickNoteApp.swift in Sources */ = {isa = PBXBuildFile; fileRef = 73DD4D282B31D3AC00569908 /* QuickNoteApp.swift */; };
		73DD4D2B2B31D3AC00569908 /* ListNotesView.swift in Sources */ = {isa = PBXBuildFile; fileRef = 73DD4D2A2B31D3AC00569908 /* ListNotesView.swift */; };
		73DD4D2D2B31D3AD00569908 /* Assets.xcassets in Resources */ = {isa = PBXBuildFile; fileRef = 73DD4D2C2B31D3AD00569908 /* Assets.xcassets */; };
		73DD4D302B31D3AD00569908 /* Preview Assets.xcassets in Resources */ = {isa = PBXBuildFile; fileRef = 73DD4D2F2B31D3AD00569908 /* Preview Assets.xcassets */; };
		73DD4D372B31D6C400569908 /* Colors.xcassets in Resources */ = {isa = PBXBuildFile; fileRef = 73DD4D362B31D6C400569908 /* Colors.xcassets */; };
		73DD4D3B2B31E1EB00569908 /* DetailNoteView.swift in Sources */ = {isa = PBXBuildFile; fileRef = 73DD4D3A2B31E1EB00569908 /* DetailNoteView.swift */; };
		73DD4D3E2B31E30900569908 /* NoteModel.swift in Sources */ = {isa = PBXBuildFile; fileRef = 73DD4D3D2B31E30900569908 /* NoteModel.swift */; };
		73DD4D402B31E4CC00569908 /* ListNotesViewModel.swift in Sources */ = {isa = PBXBuildFile; fileRef = 73DD4D3F2B31E4CC00569908 /* ListNotesViewModel.swift */; };
		73DD4D432B31F30800569908 /* DataManager.swift in Sources */ = {isa = PBXBuildFile; fileRef = 73DD4D422B31F30800569908 /* DataManager.swift */; };
		73DD4D462B332F8400569908 /* LoadingView.swift in Sources */ = {isa = PBXBuildFile; fileRef = 73DD4D452B332F8400569908 /* LoadingView.swift */; };
		73DD4D482B33400100569908 /* NoteItemView.swift in Sources */ = {isa = PBXBuildFile; fileRef = 73DD4D472B33400100569908 /* NoteItemView.swift */; };
		73DD4D4C2B3341D200569908 /* DetailNoteViewModel.swift in Sources */ = {isa = PBXBuildFile; fileRef = 73DD4D4B2B3341D200569908 /* DetailNoteViewModel.swift */; };
		73DD4D4F2B347E4F00569908 /* Helper.swift in Sources */ = {isa = PBXBuildFile; fileRef = 73DD4D4E2B347E4F00569908 /* Helper.swift */; };
/* End PBXBuildFile section */

/* Begin PBXFileReference section */
		73DD4D252B31D3AC00569908 /* QuickNote.app */ = {isa = PBXFileReference; explicitFileType = wrapper.application; includeInIndex = 0; path = QuickNote.app; sourceTree = BUILT_PRODUCTS_DIR; };
		73DD4D282B31D3AC00569908 /* QuickNoteApp.swift */ = {isa = PBXFileReference; lastKnownFileType = sourcecode.swift; path = QuickNoteApp.swift; sourceTree = "<group>"; };
		73DD4D2A2B31D3AC00569908 /* ListNotesView.swift */ = {isa = PBXFileReference; lastKnownFileType = sourcecode.swift; path = ListNotesView.swift; sourceTree = "<group>"; };
		73DD4D2C2B31D3AD00569908 /* Assets.xcassets */ = {isa = PBXFileReference; lastKnownFileType = folder.assetcatalog; path = Assets.xcassets; sourceTree = "<group>"; };
		73DD4D2F2B31D3AD00569908 /* Preview Assets.xcassets */ = {isa = PBXFileReference; lastKnownFileType = folder.assetcatalog; path = "Preview Assets.xcassets"; sourceTree = "<group>"; };
		73DD4D362B31D6C400569908 /* Colors.xcassets */ = {isa = PBXFileReference; lastKnownFileType = folder.assetcatalog; path = Colors.xcassets; sourceTree = "<group>"; };
		73DD4D3A2B31E1EB00569908 /* DetailNoteView.swift */ = {isa = PBXFileReference; lastKnownFileType = sourcecode.swift; path = DetailNoteView.swift; sourceTree = "<group>"; };
		73DD4D3D2B31E30900569908 /* NoteModel.swift */ = {isa = PBXFileReference; lastKnownFileType = sourcecode.swift; path = NoteModel.swift; sourceTree = "<group>"; };
		73DD4D3F2B31E4CC00569908 /* ListNotesViewModel.swift */ = {isa = PBXFileReference; lastKnownFileType = sourcecode.swift; path = ListNotesViewModel.swift; sourceTree = "<group>"; };
		73DD4D422B31F30800569908 /* DataManager.swift */ = {isa = PBXFileReference; lastKnownFileType = sourcecode.swift; path = DataManager.swift; sourceTree = "<group>"; };
		73DD4D452B332F8400569908 /* LoadingView.swift */ = {isa = PBXFileReference; lastKnownFileType = sourcecode.swift; path = LoadingView.swift; sourceTree = "<group>"; };
		73DD4D472B33400100569908 /* NoteItemView.swift */ = {isa = PBXFileReference; lastKnownFileType = sourcecode.swift; path = NoteItemView.swift; sourceTree = "<group>"; };
		73DD4D4B2B3341D200569908 /* DetailNoteViewModel.swift */ = {isa = PBXFileReference; lastKnownFileType = sourcecode.swift; path = DetailNoteViewModel.swift; sourceTree = "<group>"; };
		73DD4D4E2B347E4F00569908 /* Helper.swift */ = {isa = PBXFileReference; lastKnownFileType = sourcecode.swift; path = Helper.swift; sourceTree = "<group>"; };
/* End PBXFileReference section */

/* Begin PBXFrameworksBuildPhase section */
		73DD4D222B31D3AC00569908 /* Frameworks */ = {
			isa = PBXFrameworksBuildPhase;
			buildActionMask = 2147483647;
			files = (
			);
			runOnlyForDeploymentPostprocessing = 0;
		};
/* End PBXFrameworksBuildPhase section */

/* Begin PBXGroup section */
		73DD4D1C2B31D3AC00569908 = {
			isa = PBXGroup;
			children = (
				73DD4D272B31D3AC00569908 /* QuickNote */,
				73DD4D262B31D3AC00569908 /* Products */,
			);
			sourceTree = "<group>";
		};
		73DD4D262B31D3AC00569908 /* Products */ = {
			isa = PBXGroup;
			children = (
				73DD4D252B31D3AC00569908 /* QuickNote.app */,
			);
			name = Products;
			sourceTree = "<group>";
		};
		73DD4D272B31D3AC00569908 /* QuickNote */ = {
			isa = PBXGroup;
			children = (
				73DD4D4D2B347E3D00569908 /* Helper */,
				73DD4D442B332F6B00569908 /* LoadingView */,
				73DD4D412B31F2F200569908 /* DataManager */,
				73DD4D3C2B31E2F900569908 /* Model */,
				73DD4D392B31E1D200569908 /* DetailNote */,
				73DD4D382B31E16400569908 /* ListNotes */,
				73DD4D282B31D3AC00569908 /* QuickNoteApp.swift */,
				73DD4D2C2B31D3AD00569908 /* Assets.xcassets */,
				73DD4D362B31D6C400569908 /* Colors.xcassets */,
				73DD4D2E2B31D3AD00569908 /* Preview Content */,
			);
			path = QuickNote;
			sourceTree = "<group>";
		};
		73DD4D2E2B31D3AD00569908 /* Preview Content */ = {
			isa = PBXGroup;
			children = (
				73DD4D2F2B31D3AD00569908 /* Preview Assets.xcassets */,
			);
			path = "Preview Content";
			sourceTree = "<group>";
		};
		73DD4D382B31E16400569908 /* ListNotes */ = {
			isa = PBXGroup;
			children = (
				73DD4D2A2B31D3AC00569908 /* ListNotesView.swift */,
				73DD4D3F2B31E4CC00569908 /* ListNotesViewModel.swift */,
				73DD4D472B33400100569908 /* NoteItemView.swift */,
			);
			path = ListNotes;
			sourceTree = "<group>";
		};
		73DD4D392B31E1D200569908 /* DetailNote */ = {
			isa = PBXGroup;
			children = (
				73DD4D3A2B31E1EB00569908 /* DetailNoteView.swift */,
				73DD4D4B2B3341D200569908 /* DetailNoteViewModel.swift */,
			);
			path = DetailNote;
			sourceTree = "<group>";
		};
		73DD4D3C2B31E2F900569908 /* Model */ = {
			isa = PBXGroup;
			children = (
				73DD4D3D2B31E30900569908 /* NoteModel.swift */,
			);
			path = Model;
			sourceTree = "<group>";
		};
		73DD4D412B31F2F200569908 /* DataManager */ = {
			isa = PBXGroup;
			children = (
				73DD4D422B31F30800569908 /* DataManager.swift */,
			);
			path = DataManager;
			sourceTree = "<group>";
		};
		73DD4D442B332F6B00569908 /* LoadingView */ = {
			isa = PBXGroup;
			children = (
				73DD4D452B332F8400569908 /* LoadingView.swift */,
			);
			path = LoadingView;
			sourceTree = "<group>";
		};
		73DD4D4D2B347E3D00569908 /* Helper */ = {
			isa = PBXGroup;
			children = (
				73DD4D4E2B347E4F00569908 /* Helper.swift */,
			);
			path = Helper;
			sourceTree = "<group>";
		};
/* End PBXGroup section */

/* Begin PBXNativeTarget section */
		73DD4D242B31D3AC00569908 /* QuickNote */ = {
			isa = PBXNativeTarget;
			buildConfigurationList = 73DD4D332B31D3AD00569908 /* Build configuration list for PBXNativeTarget "QuickNote" */;
			buildPhases = (
				73DD4D212B31D3AC00569908 /* Sources */,
				73DD4D222B31D3AC00569908 /* Frameworks */,
				73DD4D232B31D3AC00569908 /* Resources */,
			);
			buildRules = (
			);
			dependencies = (
			);
			name = QuickNote;
			productName = QuickNote;
			productReference = 73DD4D252B31D3AC00569908 /* QuickNote.app */;
			productType = "com.apple.product-type.application";
		};
/* End PBXNativeTarget section */

/* Begin PBXProject section */
		73DD4D1D2B31D3AC00569908 /* Project object */ = {
			isa = PBXProject;
			attributes = {
				BuildIndependentTargetsInParallel = 1;
				LastSwiftUpdateCheck = 1500;
				LastUpgradeCheck = 1500;
				TargetAttributes = {
					73DD4D242B31D3AC00569908 = {
						CreatedOnToolsVersion = 15.0.1;
					};
				};
			};
			buildConfigurationList = 73DD4D202B31D3AC00569908 /* Build configuration list for PBXProject "QuickNote" */;
			compatibilityVersion = "Xcode 14.0";
			developmentRegion = en;
			hasScannedForEncodings = 0;
			knownRegions = (
				en,
				Base,
			);
			mainGroup = 73DD4D1C2B31D3AC00569908;
			productRefGroup = 73DD4D262B31D3AC00569908 /* Products */;
			projectDirPath = "";
			projectRoot = "";
			targets = (
				73DD4D242B31D3AC00569908 /* QuickNote */,
			);
		};
/* End PBXProject section */

/* Begin PBXResourcesBuildPhase section */
		73DD4D232B31D3AC00569908 /* Resources */ = {
			isa = PBXResourcesBuildPhase;
			buildActionMask = 2147483647;
			files = (
				73DD4D372B31D6C400569908 /* Colors.xcassets in Resources */,
				73DD4D302B31D3AD00569908 /* Preview Assets.xcassets in Resources */,
				73DD4D2D2B31D3AD00569908 /* Assets.xcassets in Resources */,
			);
			runOnlyForDeploymentPostprocessing = 0;
		};
/* End PBXResourcesBuildPhase section */

/* Begin PBXSourcesBuildPhase section */
		73DD4D212B31D3AC00569908 /* Sources */ = {
			isa = PBXSourcesBuildPhase;
			buildActionMask = 2147483647;
			files = (
				73DD4D2B2B31D3AC00569908 /* ListNotesView.swift in Sources */,
				73DD4D432B31F30800569908 /* DataManager.swift in Sources */,
				73DD4D402B31E4CC00569908 /* ListNotesViewModel.swift in Sources */,
				73DD4D3E2B31E30900569908 /* NoteModel.swift in Sources */,
				73DD4D3B2B31E1EB00569908 /* DetailNoteView.swift in Sources */,
				73DD4D4C2B3341D200569908 /* DetailNoteViewModel.swift in Sources */,
				73DD4D482B33400100569908 /* NoteItemView.swift in Sources */,
				73DD4D462B332F8400569908 /* LoadingView.swift in Sources */,
				73DD4D4F2B347E4F00569908 /* Helper.swift in Sources */,
				73DD4D292B31D3AC00569908 /* QuickNoteApp.swift in Sources */,
			);
			runOnlyForDeploymentPostprocessing = 0;
		};
/* End PBXSourcesBuildPhase section */

/* Begin XCBuildConfiguration section */
		73DD4D312B31D3AD00569908 /* Debug */ = {
			isa = XCBuildConfiguration;
			buildSettings = {
				ALWAYS_SEARCH_USER_PATHS = NO;
				ASSETCATALOG_COMPILER_GENERATE_SWIFT_ASSET_SYMBOL_EXTENSIONS = YES;
				CLANG_ANALYZER_NONNULL = YES;
				CLANG_ANALYZER_NUMBER_OBJECT_CONVERSION = YES_AGGRESSIVE;
				CLANG_CXX_LANGUAGE_STANDARD = "gnu++20";
				CLANG_ENABLE_MODULES = YES;
				CLANG_ENABLE_OBJC_ARC = YES;
				CLANG_ENABLE_OBJC_WEAK = YES;
				CLANG_WARN_BLOCK_CAPTURE_AUTORELEASING = YES;
				CLANG_WARN_BOOL_CONVERSION = YES;
				CLANG_WARN_COMMA = YES;
				CLANG_WARN_CONSTANT_CONVERSION = YES;
				CLANG_WARN_DEPRECATED_OBJC_IMPLEMENTATIONS = YES;
				CLANG_WARN_DIRECT_OBJC_ISA_USAGE = YES_ERROR;
				CLANG_WARN_DOCUMENTATION_COMMENTS = YES;
				CLANG_WARN_EMPTY_BODY = YES;
				CLANG_WARN_ENUM_CONVERSION = YES;
				CLANG_WARN_INFINITE_RECURSION = YES;
				CLANG_WARN_INT_CONVERSION = YES;
				CLANG_WARN_NON_LITERAL_NULL_CONVERSION = YES;
				CLANG_WARN_OBJC_IMPLICIT_RETAIN_SELF = YES;
				CLANG_WARN_OBJC_LITERAL_CONVERSION = YES;
				CLANG_WARN_OBJC_ROOT_CLASS = YES_ERROR;
				CLANG_WARN_QUOTED_INCLUDE_IN_FRAMEWORK_HEADER = YES;
				CLANG_WARN_RANGE_LOOP_ANALYSIS = YES;
				CLANG_WARN_STRICT_PROTOTYPES = YES;
				CLANG_WARN_SUSPICIOUS_MOVE = YES;
				CLANG_WARN_UNGUARDED_AVAILABILITY = YES_AGGRESSIVE;
				CLANG_WARN_UNREACHABLE_CODE = YES;
				CLANG_WARN__DUPLICATE_METHOD_MATCH = YES;
				COPY_PHASE_STRIP = NO;
				DEBUG_INFORMATION_FORMAT = dwarf;
				ENABLE_STRICT_OBJC_MSGSEND = YES;
				ENABLE_TESTABILITY = YES;
				ENABLE_USER_SCRIPT_SANDBOXING = YES;
				GCC_C_LANGUAGE_STANDARD = gnu17;
				GCC_DYNAMIC_NO_PIC = NO;
				GCC_NO_COMMON_BLOCKS = YES;
				GCC_OPTIMIZATION_LEVEL = 0;
				GCC_PREPROCESSOR_DEFINITIONS = (
					"DEBUG=1",
					"$(inherited)",
				);
				GCC_WARN_64_TO_32_BIT_CONVERSION = YES;
				GCC_WARN_ABOUT_RETURN_TYPE = YES_ERROR;
				GCC_WARN_UNDECLARED_SELECTOR = YES;
				GCC_WARN_UNINITIALIZED_AUTOS = YES_AGGRESSIVE;
				GCC_WARN_UNUSED_FUNCTION = YES;
				GCC_WARN_UNUSED_VARIABLE = YES;
				IPHONEOS_DEPLOYMENT_TARGET = 17.0;
				LOCALIZATION_PREFERS_STRING_CATALOGS = YES;
				MTL_ENABLE_DEBUG_INFO = INCLUDE_SOURCE;
				MTL_FAST_MATH = YES;
				ONLY_ACTIVE_ARCH = YES;
				SDKROOT = iphoneos;
				SWIFT_ACTIVE_COMPILATION_CONDITIONS = "DEBUG $(inherited)";
				SWIFT_OPTIMIZATION_LEVEL = "-Onone";
			};
			name = Debug;
		};
		73DD4D322B31D3AD00569908 /* Release */ = {
			isa = XCBuildConfiguration;
			buildSettings = {
				ALWAYS_SEARCH_USER_PATHS = NO;
				ASSETCATALOG_COMPILER_GENERATE_SWIFT_ASSET_SYMBOL_EXTENSIONS = YES;
				CLANG_ANALYZER_NONNULL = YES;
				CLANG_ANALYZER_NUMBER_OBJECT_CONVERSION = YES_AGGRESSIVE;
				CLANG_CXX_LANGUAGE_STANDARD = "gnu++20";
				CLANG_ENABLE_MODULES = YES;
				CLANG_ENABLE_OBJC_ARC = YES;
				CLANG_ENABLE_OBJC_WEAK = YES;
				CLANG_WARN_BLOCK_CAPTURE_AUTORELEASING = YES;
				CLANG_WARN_BOOL_CONVERSION = YES;
				CLANG_WARN_COMMA = YES;
				CLANG_WARN_CONSTANT_CONVERSION = YES;
				CLANG_WARN_DEPRECATED_OBJC_IMPLEMENTATIONS = YES;
				CLANG_WARN_DIRECT_OBJC_ISA_USAGE = YES_ERROR;
				CLANG_WARN_DOCUMENTATION_COMMENTS = YES;
				CLANG_WARN_EMPTY_BODY = YES;
				CLANG_WARN_ENUM_CONVERSION = YES;
				CLANG_WARN_INFINITE_RECURSION = YES;
				CLANG_WARN_INT_CONVERSION = YES;
				CLANG_WARN_NON_LITERAL_NULL_CONVERSION = YES;
				CLANG_WARN_OBJC_IMPLICIT_RETAIN_SELF = YES;
				CLANG_WARN_OBJC_LITERAL_CONVERSION = YES;
				CLANG_WARN_OBJC_ROOT_CLASS = YES_ERROR;
				CLANG_WARN_QUOTED_INCLUDE_IN_FRAMEWORK_HEADER = YES;
				CLANG_WARN_RANGE_LOOP_ANALYSIS = YES;
				CLANG_WARN_STRICT_PROTOTYPES = YES;
				CLANG_WARN_SUSPICIOUS_MOVE = YES;
				CLANG_WARN_UNGUARDED_AVAILABILITY = YES_AGGRESSIVE;
				CLANG_WARN_UNREACHABLE_CODE = YES;
				CLANG_WARN__DUPLICATE_METHOD_MATCH = YES;
				COPY_PHASE_STRIP = NO;
				DEBUG_INFORMATION_FORMAT = "dwarf-with-dsym";
				ENABLE_NS_ASSERTIONS = NO;
				ENABLE_STRICT_OBJC_MSGSEND = YES;
				ENABLE_USER_SCRIPT_SANDBOXING = YES;
				GCC_C_LANGUAGE_STANDARD = gnu17;
				GCC_NO_COMMON_BLOCKS = YES;
				GCC_WARN_64_TO_32_BIT_CONVERSION = YES;
				GCC_WARN_ABOUT_RETURN_TYPE = YES_ERROR;
				GCC_WARN_UNDECLARED_SELECTOR = YES;
				GCC_WARN_UNINITIALIZED_AUTOS = YES_AGGRESSIVE;
				GCC_WARN_UNUSED_FUNCTION = YES;
				GCC_WARN_UNUSED_VARIABLE = YES;
				IPHONEOS_DEPLOYMENT_TARGET = 17.0;
				LOCALIZATION_PREFERS_STRING_CATALOGS = YES;
				MTL_ENABLE_DEBUG_INFO = NO;
				MTL_FAST_MATH = YES;
				SDKROOT = iphoneos;
				SWIFT_COMPILATION_MODE = wholemodule;
				VALIDATE_PRODUCT = YES;
			};
			name = Release;
		};
		73DD4D342B31D3AD00569908 /* Debug */ = {
			isa = XCBuildConfiguration;
			buildSettings = {
				ASSETCATALOG_COMPILER_APPICON_NAME = AppIcon;
				ASSETCATALOG_COMPILER_GLOBAL_ACCENT_COLOR_NAME = AccentColor;
				CODE_SIGN_STYLE = Automatic;
				CURRENT_PROJECT_VERSION = 1;
				DEVELOPMENT_ASSET_PATHS = "\"QuickNote/Preview Content\"";
				ENABLE_PREVIEWS = YES;
				GENERATE_INFOPLIST_FILE = YES;
				INFOPLIST_KEY_UIApplicationSceneManifest_Generation = YES;
				INFOPLIST_KEY_UIApplicationSupportsIndirectInputEvents = YES;
				INFOPLIST_KEY_UILaunchScreen_Generation = YES;
				INFOPLIST_KEY_UISupportedInterfaceOrientations = UIInterfaceOrientationPortrait;
				IPHONEOS_DEPLOYMENT_TARGET = 16.0;
				LD_RUNPATH_SEARCH_PATHS = (
					"$(inherited)",
					"@executable_path/Frameworks",
				);
				MARKETING_VERSION = 1.0;
				PRODUCT_BUNDLE_IDENTIFIER = com.khanhtran.QuickNote;
				PRODUCT_NAME = "$(TARGET_NAME)";
				SWIFT_EMIT_LOC_STRINGS = YES;
				SWIFT_VERSION = 5.0;
				TARGETED_DEVICE_FAMILY = "1,2";
			};
			name = Debug;
		};
		73DD4D352B31D3AD00569908 /* Release */ = {
			isa = XCBuildConfiguration;
			buildSettings = {
				ASSETCATALOG_COMPILER_APPICON_NAME = AppIcon;
				ASSETCATALOG_COMPILER_GLOBAL_ACCENT_COLOR_NAME = AccentColor;
				CODE_SIGN_STYLE = Automatic;
				CURRENT_PROJECT_VERSION = 1;
				DEVELOPMENT_ASSET_PATHS = "\"QuickNote/Preview Content\"";
				ENABLE_PREVIEWS = YES;
				GENERATE_INFOPLIST_FILE = YES;
				INFOPLIST_KEY_UIApplicationSceneManifest_Generation = YES;
				INFOPLIST_KEY_UIApplicationSupportsIndirectInputEvents = YES;
				INFOPLIST_KEY_UILaunchScreen_Generation = YES;
				INFOPLIST_KEY_UISupportedInterfaceOrientations = UIInterfaceOrientationPortrait;
				IPHONEOS_DEPLOYMENT_TARGET = 16.0;
				LD_RUNPATH_SEARCH_PATHS = (
					"$(inherited)",
					"@executable_path/Frameworks",
				);
				MARKETING_VERSION = 1.0;
				PRODUCT_BUNDLE_IDENTIFIER = com.khanhtran.QuickNote;
				PRODUCT_NAME = "$(TARGET_NAME)";
				SWIFT_EMIT_LOC_STRINGS = YES;
				SWIFT_VERSION = 5.0;
				TARGETED_DEVICE_FAMILY = "1,2";
			};
			name = Release;
		};
/* End XCBuildConfiguration section */

/* Begin XCConfigurationList section */
		73DD4D202B31D3AC00569908 /* Build configuration list for PBXProject "QuickNote" */ = {
			isa = XCConfigurationList;
			buildConfigurations = (
				73DD4D312B31D3AD00569908 /* Debug */,
				73DD4D322B31D3AD00569908 /* Release */,
			);
			defaultConfigurationIsVisible = 0;
			defaultConfigurationName = Release;
		};
		73DD4D332B31D3AD00569908 /* Build configuration list for PBXNativeTarget "QuickNote" */ = {
			isa = XCConfigurationList;
			buildConfigurations = (
				73DD4D342B31D3AD00569908 /* Debug */,
				73DD4D352B31D3AD00569908 /* Release */,
			);
			defaultConfigurationIsVisible = 0;
			defaultConfigurationName = Release;
		};
/* End XCConfigurationList section */
	};
	rootObject = 73DD4D1D2B31D3AC00569908 /* Project object */;
}
